
Microsoft Visual Studio Solution File, Format Version 12.00
# Visual Studio Version 17
VisualStudioVersion = 17.8.34525.116
MinimumVisualStudioVersion = 10.0.40219.1
Project("{FAE04EC0-301F-11D3-BF4B-00C04F79EFBC}") = "Lab10_11", "Lab10_11\Lab10_11.csproj", "{BC7C6140-65B4-412E-A26A-4AD2614F9D05}"
EndProject
Global
	GlobalSection(SolutionConfigurationPlatforms) = preSolution
		Debug|Any CPU = Debug|Any CPU
		Release|Any CPU = Release|Any CPU
	EndGlobalSection
	GlobalSection(ProjectConfigurationPlatforms) = postSolution
		{BC7C6140-65B4-412E-A26A-4AD2614F9D05}.Debug|Any CPU.ActiveCfg = Debug|Any CPU
		{BC7C6140-65B4-412E-A26A-4AD2614F9D05}.Debug|Any CPU.Build.0 = Debug|Any CPU
		{BC7C6140-65B4-412E-A26A-4AD2614F9D05}.Release|Any CPU.ActiveCfg = Release|Any CPU
		{BC7C6140-65B4-412E-A26A-4AD2614F9D05}.Release|Any CPU.Build.0 = Release|Any CPU
	EndGlobalSection
	GlobalSection(SolutionProperties) = preSolution
		HideSolutionNode = FALSE
	EndGlobalSection
	GlobalSection(ExtensibilityGlobals) = postSolution
		SolutionGuid = {750A7AC5-A65F-467B-91DE-47A24D10C6FF}
	EndGlobalSection
EndGlobal
